
Microsoft Visual Studio Solution File, Format Version 12.00
# Visual Studio 15
VisualStudioVersion = 15.0.27703.2000
MinimumVisualStudioVersion = 10.0.40219.1
Project("{E24C65DC-7377-472B-9ABA-BC803B73C61A}") = "sapjpiaget", "sapjpiaget\", "{B3CB8FAC-4AD5-4871-9436-29751FDC11EC}"
	ProjectSection(WebsiteProperties) = preProject
		TargetFrameworkMoniker = ".NETFramework,Version%3Dv4.6.1"
		Debug.AspNetCompiler.VirtualPath = "/localhost_65479"
		Debug.AspNetCompiler.PhysicalPath = "sapjpiaget\"
		Debug.AspNetCompiler.TargetPath = "PrecompiledWeb\localhost_65479\"
		Debug.AspNetCompiler.Updateable = "true"
		Debug.AspNetCompiler.ForceOverwrite = "true"
		Debug.AspNetCompiler.FixedNames = "false"
		Debug.AspNetCompiler.Debug = "True"
		Release.AspNetCompiler.VirtualPath = "/localhost_65479"
		Release.AspNetCompiler.PhysicalPath = "sapjpiaget\"
		Release.AspNetCompiler.TargetPath = "PrecompiledWeb\localhost_65479\"
		Release.AspNetCompiler.Updateable = "true"
		Release.AspNetCompiler.ForceOverwrite = "true"
		Release.AspNetCompiler.FixedNames = "false"
		Release.AspNetCompiler.Debug = "False"
		VWDPort = "65479"
		SlnRelativePath = "sapjpiaget\"
		DefaultWebSiteLanguage = "Visual C#"
	EndProjectSection
EndProject
Global
	GlobalSection(SolutionConfigurationPlatforms) = preSolution
		Debug|Any CPU = Debug|Any CPU
		Release|Any CPU = Release|Any CPU
	EndGlobalSection
	GlobalSection(ProjectConfigurationPlatforms) = postSolution
		{B3CB8FAC-4AD5-4871-9436-29751FDC11EC}.Debug|Any CPU.ActiveCfg = Debug|Any CPU
		{B3CB8FAC-4AD5-4871-9436-29751FDC11EC}.Debug|Any CPU.Build.0 = Debug|Any CPU
		{B3CB8FAC-4AD5-4871-9436-29751FDC11EC}.Release|Any CPU.ActiveCfg = Debug|Any CPU
		{B3CB8FAC-4AD5-4871-9436-29751FDC11EC}.Release|Any CPU.Build.0 = Debug|Any CPU
	EndGlobalSection
	GlobalSection(SolutionProperties) = preSolution
		HideSolutionNode = FALSE
	EndGlobalSection
	GlobalSection(ExtensibilityGlobals) = postSolution
		SolutionGuid = {75DF98BD-AFD9-4452-82D8-E43120C1D1F2}
	EndGlobalSection
EndGlobal
